
Microsoft Visual Studio Solution File, Format Version 12.00
# Visual Studio Version 17
VisualStudioVersion = 17.13.35931.197 d17.13
MinimumVisualStudioVersion = 10.0.40219.1
Project("{FAE04EC0-301F-11D3-BF4B-00C04F79EFBC}") = "PDFToPDF", "PDFToPDF.csproj", "{DA5B004D-FCCB-4CEC-B0A7-885B53C75D73}"
EndProject
Global
	GlobalSection(SolutionConfigurationPlatforms) = preSolution
		Debug|Any CPU = Debug|Any CPU
		Release|Any CPU = Release|Any CPU
	EndGlobalSection
	GlobalSection(ProjectConfigurationPlatforms) = postSolution
		{DA5B004D-FCCB-4CEC-B0A7-885B53C75D73}.Debug|Any CPU.ActiveCfg = Debug|Any CPU
		{DA5B004D-FCCB-4CEC-B0A7-885B53C75D73}.Debug|Any CPU.Build.0 = Debug|Any CPU
		{DA5B004D-FCCB-4CEC-B0A7-885B53C75D73}.Release|Any CPU.ActiveCfg = Release|Any CPU
		{DA5B004D-FCCB-4CEC-B0A7-885B53C75D73}.Release|Any CPU.Build.0 = Release|Any CPU
	EndGlobalSection
	GlobalSection(SolutionProperties) = preSolution
		HideSolutionNode = FALSE
	EndGlobalSection
	GlobalSection(ExtensibilityGlobals) = postSolution
		SolutionGuid = {1B7089BA-97A7-45A1-BC42-45D1A3FAF50B}
	EndGlobalSection
EndGlobal
